
Microsoft Visual Studio Solution File, Format Version 12.00
# Visual Studio 15
VisualStudioVersion = 15.0.28307.1300
MinimumVisualStudioVersion = 10.0.40219.1
Project("{FAE04EC0-301F-11D3-BF4B-00C04F79EFBC}") = "PresentationLayer", "PresentationLayer\PresentationLayer.csproj", "{69E019C6-2A54-42B2-BA72-92782B4759CD}"
EndProject
Global
	GlobalSection(SolutionConfigurationPlatforms) = preSolution
		Debug|Any CPU = Debug|Any CPU
		Release|Any CPU = Release|Any CPU
	EndGlobalSection
	GlobalSection(ProjectConfigurationPlatforms) = postSolution
		{69E019C6-2A54-42B2-BA72-92782B4759CD}.Debug|Any CPU.ActiveCfg = Debug|Any CPU
		{69E019C6-2A54-42B2-BA72-92782B4759CD}.Debug|Any CPU.Build.0 = Debug|Any CPU
		{69E019C6-2A54-42B2-BA72-92782B4759CD}.Release|Any CPU.ActiveCfg = Release|Any CPU
		{69E019C6-2A54-42B2-BA72-92782B4759CD}.Release|Any CPU.Build.0 = Release|Any CPU
	EndGlobalSection
	GlobalSection(SolutionProperties) = preSolution
		HideSolutionNode = FALSE
	EndGlobalSection
	GlobalSection(ExtensibilityGlobals) = postSolution
		SolutionGuid = {13A53629-58F2-4649-88D8-0C1E8681A13F}
	EndGlobalSection
EndGlobal
