
Microsoft Visual Studio Solution File, Format Version 12.00
# Visual Studio 15
VisualStudioVersion = 15.0.28010.2016
MinimumVisualStudioVersion = 10.0.40219.1
Project("{FAE04EC0-301F-11D3-BF4B-00C04F79EFBC}") = "LinqDemo", "LinqDemo\LinqDemo.csproj", "{EC7F3C42-FB36-4741-8845-7918A9440930}"
EndProject
Global
	GlobalSection(SolutionConfigurationPlatforms) = preSolution
		Debug|Any CPU = Debug|Any CPU
		Release|Any CPU = Release|Any CPU
	EndGlobalSection
	GlobalSection(ProjectConfigurationPlatforms) = postSolution
		{EC7F3C42-FB36-4741-8845-7918A9440930}.Debug|Any CPU.ActiveCfg = Debug|Any CPU
		{EC7F3C42-FB36-4741-8845-7918A9440930}.Debug|Any CPU.Build.0 = Debug|Any CPU
		{EC7F3C42-FB36-4741-8845-7918A9440930}.Release|Any CPU.ActiveCfg = Release|Any CPU
		{EC7F3C42-FB36-4741-8845-7918A9440930}.Release|Any CPU.Build.0 = Release|Any CPU
	EndGlobalSection
	GlobalSection(SolutionProperties) = preSolution
		HideSolutionNode = FALSE
	EndGlobalSection
	GlobalSection(ExtensibilityGlobals) = postSolution
		SolutionGuid = {54008267-0698-431C-A87C-AFC99AC51BA7}
	EndGlobalSection
EndGlobal
